
Microsoft Visual Studio Solution File, Format Version 12.00
# Visual Studio Version 17
VisualStudioVersion = 17.4.33213.308
MinimumVisualStudioVersion = 10.0.40219.1
Project("{FAE04EC0-301F-11D3-BF4B-00C04F79EFBC}") = "Avalonia-Selection-Issue", "Avalonia-Selection-Issue\Avalonia-Selection-Issue.csproj", "{8041F007-B443-4FB6-80C0-77A0F9F42D70}"
EndProject
Global
	GlobalSection(SolutionConfigurationPlatforms) = preSolution
		Debug|Any CPU = Debug|Any CPU
		Release|Any CPU = Release|Any CPU
	EndGlobalSection
	GlobalSection(ProjectConfigurationPlatforms) = postSolution
		{8041F007-B443-4FB6-80C0-77A0F9F42D70}.Debug|Any CPU.ActiveCfg = Debug|Any CPU
		{8041F007-B443-4FB6-80C0-77A0F9F42D70}.Debug|Any CPU.Build.0 = Debug|Any CPU
		{8041F007-B443-4FB6-80C0-77A0F9F42D70}.Release|Any CPU.ActiveCfg = Release|Any CPU
		{8041F007-B443-4FB6-80C0-77A0F9F42D70}.Release|Any CPU.Build.0 = Release|Any CPU
	EndGlobalSection
	GlobalSection(SolutionProperties) = preSolution
		HideSolutionNode = FALSE
	EndGlobalSection
	GlobalSection(ExtensibilityGlobals) = postSolution
		SolutionGuid = {2E3922B4-837B-426F-9F6E-FFB81D0274E0}
	EndGlobalSection
EndGlobal
